{
    "_readme": [
        "This file locks the dependencies of your project to a known state",
        "Read more about it at https://getcomposer.org/doc/01-basic-usage.md#installing-dependencies",
        "This file is @generated automatically"
    ],
    "content-hash": "f486320b26b73a3f69a21cb726dc6d88",
    "packages": [
        {
            "name": "krinkle/intuition",
            "version": "v1.2.0",
            "source": {
                "type": "git",
                "url": "https://github.com/Krinkle/intuition.git",
                "reference": "dee3883497dae9b7f48c6b3e4faba711367745b1"
            },
            "dist": {
                "type": "zip",
                "url": "https://api.github.com/repos/Krinkle/intuition/zipball/dee3883497dae9b7f48c6b3e4faba711367745b1",
                "reference": "dee3883497dae9b7f48c6b3e4faba711367745b1",
                "shasum": ""
            },
            "require": {
                "php": ">=7.0"
            },
            "require-dev": {
                "jakub-onderka/php-parallel-lint": "1.0.0",
                "mediawiki/mediawiki-codesniffer": "22.0.0",
                "php-coveralls/php-coveralls": "^2.1",
                "phpunit/phpunit": "^6.5.11"
            },
            "type": "library",
            "autoload": {
                "files": [
                    "src/defines.php",
                    "src/compat.php"
                ],
                "psr-4": {
                    "Krinkle\\Intuition\\": "src/"
                },
                "psr-0": {
                    "MessagesFunctions": "language/"
                }
            },
            "notification-url": "https://packagist.org/downloads/",
            "license": [
                "MIT"
            ],
            "description": "Framework for localisation in PHP.",
            "time": "2018-11-06T18:04:32+00:00"
        }
    ],
    "packages-dev": [],
    "aliases": [],
    "minimum-stability": "stable",
    "stability-flags": [],
    "prefer-stable": false,
    "prefer-lowest": false,
    "platform": [],
    "platform-dev": []
}
